{
    "_meta": {
        "hash": {
            "sha256": "37628a8909cee4826b05e94fa9684e3e966e29fa6635433a01ace12215490b1f"
        },
        "pipfile-spec": 6,
        "requires": {
            "python_full_version": "3.11.9",
            "python_version": "3.11"
        },
        "sources": [
            {
                "name": "pypi",
                "url": "https://pypi.org/simple",
                "verify_ssl": true
            }
        ]
    },
    "default": {
        "python-osc": {
            "hashes": [
                "sha256:7def2075be72f07bae5a4c1a55cc7d907b247f4a5d910f3159ed30ac2b1f17cc",
                "sha256:bd0fa40def43ce509894709feb0e18f02192aca192c5e6c8fe2ba69e58f21794"
            ],
            "index": "pypi",
            "markers": "python_version >= '3.10'",
            "version": "==1.9.3"
        },
        "usd-core": {
            "hashes": [
                "sha256:0cd065219e569a2dd5895a90b778bc48c41cb4b427dadeb847f41a6234768738",
                "sha256:15e917c897a59769c3e2507116a2fd6f60c30be3e335c304b3880235482d87fa",
                "sha256:1e139a6a576170bd6510f8e5d7dcbf564e6cba7f53e96b8f2974fc013ca4aac1",
                "sha256:2222e2b6255f12664398af17462bb0711b263625e2db3acfca2da8b81ee54e6c",
                "sha256:2a885a1d478ae8dca1bc38901080c54a206d90c10aa9afc2dbb4328d5e26179f",
                "sha256:56278e520bec6b7207d0c52dc4e82482380f4353abd64f6fb2a7723c95caead8",
                "sha256:6484af2c6c26251261f0b3ed40e277080267956325d353604dadf077f2afdcd1",
                "sha256:808d603ca1cd3d861716941079d1b7eb9a4755e12b474f437f7c5dfe7d53bb63",
                "sha256:935c1c2105d11e1bf8779d2dbc15169509ec2c9a0d7d193000af68019e535c3e",
                "sha256:9724beab34a2b58d7e06a8f44aac8494f93ef18b1a7a40a717ad7adaecc442b1",
                "sha256:cb6e893f255478885da3598f340a1245b42afc789c55b8499162772a1d50262a",
                "sha256:ced0ffa1d80de7f133ba3023d0fff42500a6725b48d38e1971da541864d6685c",
                "sha256:e18235d403a79a5914d98a0558d525880318d3208ee00b7c88514fe2be22b395",
                "sha256:fa7ec5c21d722ceb73134d3d07dd6438031e1076de3f7ec062a782662fd01370",
                "sha256:fb6c005a54f3d1c29dc0ee435315499dd2ff1946f894e9a70c212651dcf6d540"
            ],
            "index": "pypi",
            "markers": "python_version < '3.13' and python_version >= '3.8'",
            "version": "==25.5.1"
        }
    },
    "develop": {
        "ruff": {
            "hashes": [
                "sha256:023040a3499f6f974ae9091bcdd0385dd9e9eb4942f231c23c57708147b06311",
                "sha256:0262d50ba2767ed0fe212aa7e62112a1dcbfd46b858c5bf7bbd11f326998bafc",
                "sha256:0a9153b000c6fe169bb307f5bd1b691221c4286c133407b8827c406a55282041",
                "sha256:12371aec33e1a3758597c5c631bae9a5286f3c963bdfb4d17acdd2d395406687",
                "sha256:2120d3aa855ff385e0e562fdee14d564c9675edbe41625c87eeab744a7830d12",
                "sha256:40dced4a79d7c264389de1c59467d5d5cefd79e7e06d1dfa2c75497b5269a5a6",
                "sha256:47552138f7206454eaf0c4fe827e546e9ddac62c2a3d2585ca54d29a890137a2",
                "sha256:560f13b6baa49785665276c963edc363f8ad4b4fc910a883e2625bdb14a83a9e",
                "sha256:5f9c7c9c8f84c2d7f27e93674d27136fbf489720251544c4da7fb3d742e011b1",
                "sha256:6b16647cbb470eaf4750d27dddc6ebf7758b918887b56d39e9c22cce2049082b",
                "sha256:883d844967bffff5ab28bba1a4d246c1a1b2933f48cb9840f3fdc5111c603b07",
                "sha256:a946cf1e7ba3209bdef039eb97647f1c77f6f540e5845ec9c114d3af8df873e7",
                "sha256:c4faaff1f90cea9d3033cbbcdf1acf5d7fb11d8180758feb31337391691f3df0",
                "sha256:dfd45e6e926deb6409d0616078a666ebce93e55e07f0fb0228d4b2608b2c248d",
                "sha256:e1417051edb436230023575b149e8ff843a324557fe0a265863b7602df86722f",
                "sha256:e2506961bf6ead54887ba3562604d69cb430f59b42133d36976421bc8bd45901",
                "sha256:f1b5a4b6668fd7b7ea3697d8d98857390b40c1320a63a178eee6be0899ea2d77",
                "sha256:fa6b24600cf3b750e48ddb6057e901dd5b9aa426e316addb2a1af185a7509882"
            ],
            "index": "pypi",
            "markers": "python_version >= '3.7'",
            "version": "==0.12.3"
        }
    }
}
